// !$*UTF8*$!
{
	archiveVersion = 1;
	classes = {
	};
	objectVersion = 46;
	objects = {

/* Begin PBXBuildFile section */
		DC1035221CC1DB7800C23BBA /* AppDelegate.swift in Sources */ = {isa = PBXBuildFile; fileRef = DC1035211CC1DB7800C23BBA /* AppDelegate.swift */; };
		DC1035241CC1DB7800C23BBA /* ViewController.swift in Sources */ = {isa = PBXBuildFile; fileRef = DC1035231CC1DB7800C23BBA /* ViewController.swift */; };
		DC1035271CC1DB7800C23BBA /* Main.storyboard in Resources */ = {isa = PBXBuildFile; fileRef = DC1035251CC1DB7800C23BBA /* Main.storyboard */; };
		DC1035291CC1DB7800C23BBA /* Assets.xcassets in Resources */ = {isa = PBXBuildFile; fileRef = DC1035281CC1DB7800C23BBA /* Assets.xcassets */; };
		DC10352C1CC1DB7800C23BBA /* LaunchScreen.storyboard in Resources */ = {isa = PBXBuildFile; fileRef = DC10352A1CC1DB7800C23BBA /* LaunchScreen.storyboard */; };
		DC1035371CC1DB7800C23BBA /* MapSwiftTests.swift in Sources */ = {isa = PBXBuildFile; fileRef = DC1035361CC1DB7800C23BBA /* MapSwiftTests.swift */; };
		DC1035421CC1DB7800C23BBA /* MapSwiftUITests.swift in Sources */ = {isa = PBXBuildFile; fileRef = DC1035411CC1DB7800C23BBA /* MapSwiftUITests.swift */; };
/* End PBXBuildFile section */

/* Begin PBXContainerItemProxy section */
		DC1035331CC1DB7800C23BBA /* PBXContainerItemProxy */ = {
			isa = PBXContainerItemProxy;
			containerPortal = DC1035161CC1DB7800C23BBA /* Project object */;
			proxyType = 1;
			remoteGlobalIDString = DC10351D1CC1DB7800C23BBA;
			remoteInfo = MapSwift;
		};
		DC10353E1CC1DB7800C23BBA /* PBXContainerItemProxy */ = {
			isa = PBXContainerItemProxy;
			containerPortal = DC1035161CC1DB7800C23BBA /* Project object */;
			proxyType = 1;
			remoteGlobalIDString = DC10351D1CC1DB7800C23BBA;
			remoteInfo = MapSwift;
		};
/* End PBXContainerItemProxy section */

/* Begin PBXFileReference section */
		DC10351E1CC1DB7800C23BBA /* MapSwift.app */ = {isa = PBXFileReference; explicitFileType = wrapper.application; includeInIndex = 0; path = MapSwift.app; sourceTree = BUILT_PRODUCTS_DIR; };
		DC1035211CC1DB7800C23BBA /* AppDelegate.swift */ = {isa = PBXFileReference; lastKnownFileType = sourcecode.swift; path = AppDelegate.swift; sourceTree = "<group>"; };
		DC1035231CC1DB7800C23BBA /* ViewController.swift */ = {isa = PBXFileReference; lastKnownFileType = sourcecode.swift; path = ViewController.swift; sourceTree = "<group>"; };
		DC1035261CC1DB7800C23BBA /* Base */ = {isa = PBXFileReference; lastKnownFileType = file.storyboard; name = Base; path = Base.lproj/Main.storyboard; sourceTree = "<group>"; };
		DC1035281CC1DB7800C23BBA /* Assets.xcassets */ = {isa = PBXFileReference; lastKnownFileType = folder.assetcatalog; path = Assets.xcassets; sourceTree = "<group>"; };
		DC10352B1CC1DB7800C23BBA /* Base */ = {isa = PBXFileReference; lastKnownFileType = file.storyboard; name = Base; path = Base.lproj/LaunchScreen.storyboard; sourceTree = "<group>"; };
		DC10352D1CC1DB7800C23BBA /* Info.plist */ = {isa = PBXFileReference; lastKnownFileType = text.plist.xml; path = Info.plist; sourceTree = "<group>"; };
		DC1035321CC1DB7800C23BBA /* MapSwiftTests.xctest */ = {isa = PBXFileReference; explicitFileType = wrapper.cfbundle; includeInIndex = 0; path = MapSwiftTests.xctest; sourceTree = BUILT_PRODUCTS_DIR; };
		DC1035361CC1DB7800C23BBA /* MapSwiftTests.swift */ = {isa = PBXFileReference; lastKnownFileType = sourcecode.swift; path = MapSwiftTests.swift; sourceTree = "<group>"; };
		DC1035381CC1DB7800C23BBA /* Info.plist */ = {isa = PBXFileReference; lastKnownFileType = text.plist.xml; path = Info.plist; sourceTree = "<group>"; };
		DC10353D1CC1DB7800C23BBA /* MapSwiftUITests.xctest */ = {isa = PBXFileReference; explicitFileType = wrapper.cfbundle; includeInIndex = 0; path = MapSwiftUITests.xctest; sourceTree = BUILT_PRODUCTS_DIR; };
		DC1035411CC1DB7800C23BBA /* MapSwiftUITests.swift */ = {isa = PBXFileReference; lastKnownFileType = sourcecode.swift; path = MapSwiftUITests.swift; sourceTree = "<group>"; };
		DC1035431CC1DB7800C23BBA /* Info.plist */ = {isa = PBXFileReference; lastKnownFileType = text.plist.xml; path = Info.plist; sourceTree = "<group>"; };
/* End PBXFileReference section */

/* Begin PBXFrameworksBuildPhase section */
		DC10351B1CC1DB7800C23BBA /* Frameworks */ = {
			isa = PBXFrameworksBuildPhase;
			buildActionMask = 2147483647;
			files = (
			);
			runOnlyForDeploymentPostprocessing = 0;
		};
		DC10352F1CC1DB7800C23BBA /* Frameworks */ = {
			isa = PBXFrameworksBuildPhase;
			buildActionMask = 2147483647;
			files = (
			);
			runOnlyForDeploymentPostprocessing = 0;
		};
		DC10353A1CC1DB7800C23BBA /* Frameworks */ = {
			isa = PBXFrameworksBuildPhase;
			buildActionMask = 2147483647;
			files = (
			);
			runOnlyForDeploymentPostprocessing = 0;
		};
/* End PBXFrameworksBuildPhase section */

/* Begin PBXGroup section */
		DC1035151CC1DB7800C23BBA = {
			isa = PBXGroup;
			children = (
				DC1035201CC1DB7800C23BBA /* MapSwift */,
				DC1035351CC1DB7800C23BBA /* MapSwiftTests */,
				DC1035401CC1DB7800C23BBA /* MapSwiftUITests */,
				DC10351F1CC1DB7800C23BBA /* Products */,
			);
			sourceTree = "<group>";
		};
		DC10351F1CC1DB7800C23BBA /* Products */ = {
			isa = PBXGroup;
			children = (
				DC10351E1CC1DB7800C23BBA /* MapSwift.app */,
				DC1035321CC1DB7800C23BBA /* MapSwiftTests.xctest */,
				DC10353D1CC1DB7800C23BBA /* MapSwiftUITests.xctest */,
			);
			name = Products;
			sourceTree = "<group>";
		};
		DC1035201CC1DB7800C23BBA /* MapSwift */ = {
			isa = PBXGroup;
			children = (
				DC1035211CC1DB7800C23BBA /* AppDelegate.swift */,
				DC1035231CC1DB7800C23BBA /* ViewController.swift */,
				DC1035251CC1DB7800C23BBA /* Main.storyboard */,
				DC1035281CC1DB7800C23BBA /* Assets.xcassets */,
				DC10352A1CC1DB7800C23BBA /* LaunchScreen.storyboard */,
				DC10352D1CC1DB7800C23BBA /* Info.plist */,
			);
			path = MapSwift;
			sourceTree = "<group>";
		};
		DC1035351CC1DB7800C23BBA /* MapSwiftTests */ = {
			isa = PBXGroup;
			children = (
				DC1035361CC1DB7800C23BBA /* MapSwiftTests.swift */,
				DC1035381CC1DB7800C23BBA /* Info.plist */,
			);
			path = MapSwiftTests;
			sourceTree = "<group>";
		};
		DC1035401CC1DB7800C23BBA /* MapSwiftUITests */ = {
			isa = PBXGroup;
			children = (
				DC1035411CC1DB7800C23BBA /* MapSwiftUITests.swift */,
				DC1035431CC1DB7800C23BBA /* Info.plist */,
			);
			path = MapSwiftUITests;
			sourceTree = "<group>";
		};
/* End PBXGroup section */

/* Begin PBXNativeTarget section */
		DC10351D1CC1DB7800C23BBA /* MapSwift */ = {
			isa = PBXNativeTarget;
			buildConfigurationList = DC1035461CC1DB7800C23BBA /* Build configuration list for PBXNativeTarget "MapSwift" */;
			buildPhases = (
				DC10351A1CC1DB7800C23BBA /* Sources */,
				DC10351B1CC1DB7800C23BBA /* Frameworks */,
				DC10351C1CC1DB7800C23BBA /* Resources */,
			);
			buildRules = (
			);
			dependencies = (
			);
			name = MapSwift;
			productName = MapSwift;
			productReference = DC10351E1CC1DB7800C23BBA /* MapSwift.app */;
			productType = "com.apple.product-type.application";
		};
		DC1035311CC1DB7800C23BBA /* MapSwiftTests */ = {
			isa = PBXNativeTarget;
			buildConfigurationList = DC1035491CC1DB7800C23BBA /* Build configuration list for PBXNativeTarget "MapSwiftTests" */;
			buildPhases = (
				DC10352E1CC1DB7800C23BBA /* Sources */,
				DC10352F1CC1DB7800C23BBA /* Frameworks */,
				DC1035301CC1DB7800C23BBA /* Resources */,
			);
			buildRules = (
			);
			dependencies = (
				DC1035341CC1DB7800C23BBA /* PBXTargetDependency */,
			);
			name = MapSwiftTests;
			productName = MapSwiftTests;
			productReference = DC1035321CC1DB7800C23BBA /* MapSwiftTests.xctest */;
			productType = "com.apple.product-type.bundle.unit-test";
		};
		DC10353C1CC1DB7800C23BBA /* MapSwiftUITests */ = {
			isa = PBXNativeTarget;
			buildConfigurationList = DC10354C1CC1DB7800C23BBA /* Build configuration list for PBXNativeTarget "MapSwiftUITests" */;
			buildPhases = (
				DC1035391CC1DB7800C23BBA /* Sources */,
				DC10353A1CC1DB7800C23BBA /* Frameworks */,
				DC10353B1CC1DB7800C23BBA /* Resources */,
			);
			buildRules = (
			);
			dependencies = (
				DC10353F1CC1DB7800C23BBA /* PBXTargetDependency */,
			);
			name = MapSwiftUITests;
			productName = MapSwiftUITests;
			productReference = DC10353D1CC1DB7800C23BBA /* MapSwiftUITests.xctest */;
			productType = "com.apple.product-type.bundle.ui-testing";
		};
/* End PBXNativeTarget section */

/* Begin PBXProject section */
		DC1035161CC1DB7800C23BBA /* Project object */ = {
			isa = PBXProject;
			attributes = {
				LastSwiftUpdateCheck = 0720;
				LastUpgradeCheck = 0720;
				ORGANIZATIONNAME = Tinh;
				TargetAttributes = {
					DC10351D1CC1DB7800C23BBA = {
						CreatedOnToolsVersion = 7.2;
					};
					DC1035311CC1DB7800C23BBA = {
						CreatedOnToolsVersion = 7.2;
						TestTargetID = DC10351D1CC1DB7800C23BBA;
					};
					DC10353C1CC1DB7800C23BBA = {
						CreatedOnToolsVersion = 7.2;
						TestTargetID = DC10351D1CC1DB7800C23BBA;
					};
				};
			};
			buildConfigurationList = DC1035191CC1DB7800C23BBA /* Build configuration list for PBXProject "MapSwift" */;
			compatibilityVersion = "Xcode 3.2";
			developmentRegion = English;
			hasScannedForEncodings = 0;
			knownRegions = (
				en,
				Base,
			);
			mainGroup = DC1035151CC1DB7800C23BBA;
			productRefGroup = DC10351F1CC1DB7800C23BBA /* Products */;
			projectDirPath = "";
			projectRoot = "";
			targets = (
				DC10351D1CC1DB7800C23BBA /* MapSwift */,
				DC1035311CC1DB7800C23BBA /* MapSwiftTests */,
				DC10353C1CC1DB7800C23BBA /* MapSwiftUITests */,
			);
		};
/* End PBXProject section */

/* Begin PBXResourcesBuildPhase section */
		DC10351C1CC1DB7800C23BBA /* Resources */ = {
			isa = PBXResourcesBuildPhase;
			buildActionMask = 2147483647;
			files = (
				DC10352C1CC1DB7800C23BBA /* LaunchScreen.storyboard in Resources */,
				DC1035291CC1DB7800C23BBA /* Assets.xcassets in Resources */,
				DC1035271CC1DB7800C23BBA /* Main.storyboard in Resources */,
			);
			runOnlyForDeploymentPostprocessing = 0;
		};
		DC1035301CC1DB7800C23BBA /* Resources */ = {
			isa = PBXResourcesBuildPhase;
			buildActionMask = 2147483647;
			files = (
			);
			runOnlyForDeploymentPostprocessing = 0;
		};
		DC10353B1CC1DB7800C23BBA /* Resources */ = {
			isa = PBXResourcesBuildPhase;
			buildActionMask = 2147483647;
			files = (
			);
			runOnlyForDeploymentPostprocessing = 0;
		};
/* End PBXResourcesBuildPhase section */

/* Begin PBXSourcesBuildPhase section */
		DC10351A1CC1DB7800C23BBA /* Sources */ = {
			isa = PBXSourcesBuildPhase;
			buildActionMask = 2147483647;
			files = (
				DC1035241CC1DB7800C23BBA /* ViewController.swift in Sources */,
				DC1035221CC1DB7800C23BBA /* AppDelegate.swift in Sources */,
			);
			runOnlyForDeploymentPostprocessing = 0;
		};
		DC10352E1CC1DB7800C23BBA /* Sources */ = {
			isa = PBXSourcesBuildPhase;
			buildActionMask = 2147483647;
			files = (
				DC1035371CC1DB7800C23BBA /* MapSwiftTests.swift in Sources */,
			);
			runOnlyForDeploymentPostprocessing = 0;
		};
		DC1035391CC1DB7800C23BBA /* Sources */ = {
			isa = PBXSourcesBuildPhase;
			buildActionMask = 2147483647;
			files = (
				DC1035421CC1DB7800C23BBA /* MapSwiftUITests.swift in Sources */,
			);
			runOnlyForDeploymentPostprocessing = 0;
		};
/* End PBXSourcesBuildPhase section */

/* Begin PBXTargetDependency section */
		DC1035341CC1DB7800C23BBA /* PBXTargetDependency */ = {
			isa = PBXTargetDependency;
			target = DC10351D1CC1DB7800C23BBA /* MapSwift */;
			targetProxy = DC1035331CC1DB7800C23BBA /* PBXContainerItemProxy */;
		};
		DC10353F1CC1DB7800C23BBA /* PBXTargetDependency */ = {
			isa = PBXTargetDependency;
			target = DC10351D1CC1DB7800C23BBA /* MapSwift */;
			targetProxy = DC10353E1CC1DB7800C23BBA /* PBXContainerItemProxy */;
		};
/* End PBXTargetDependency section */

/* Begin PBXVariantGroup section */
		DC1035251CC1DB7800C23BBA /* Main.storyboard */ = {
			isa = PBXVariantGroup;
			children = (
				DC1035261CC1DB7800C23BBA /* Base */,
			);
			name = Main.storyboard;
			sourceTree = "<group>";
		};
		DC10352A1CC1DB7800C23BBA /* LaunchScreen.storyboard */ = {
			isa = PBXVariantGroup;
			children = (
				DC10352B1CC1DB7800C23BBA /* Base */,
			);
			name = LaunchScreen.storyboard;
			sourceTree = "<group>";
		};
/* End PBXVariantGroup section */

/* Begin XCBuildConfiguration section */
		DC1035441CC1DB7800C23BBA /* Debug */ = {
			isa = XCBuildConfiguration;
			buildSettings = {
				ALWAYS_SEARCH_USER_PATHS = NO;
				CLANG_CXX_LANGUAGE_STANDARD = "gnu++0x";
				CLANG_CXX_LIBRARY = "libc++";
				CLANG_ENABLE_MODULES = YES;
				CLANG_ENABLE_OBJC_ARC = YES;
				CLANG_WARN_BOOL_CONVERSION = YES;
				CLANG_WARN_CONSTANT_CONVERSION = YES;
				CLANG_WARN_DIRECT_OBJC_ISA_USAGE = YES_ERROR;
				CLANG_WARN_EMPTY_BODY = YES;
				CLANG_WARN_ENUM_CONVERSION = YES;
				CLANG_WARN_INT_CONVERSION = YES;
				CLANG_WARN_OBJC_ROOT_CLASS = YES_ERROR;
				CLANG_WARN_UNREACHABLE_CODE = YES;
				CLANG_WARN__DUPLICATE_METHOD_MATCH = YES;
				"CODE_SIGN_IDENTITY[sdk=iphoneos*]" = "iPhone Developer";
				COPY_PHASE_STRIP = NO;
				DEBUG_INFORMATION_FORMAT = dwarf;
				ENABLE_STRICT_OBJC_MSGSEND = YES;
				ENABLE_TESTABILITY = YES;
				GCC_C_LANGUAGE_STANDARD = gnu99;
				GCC_DYNAMIC_NO_PIC = NO;
				GCC_NO_COMMON_BLOCKS = YES;
				GCC_OPTIMIZATION_LEVEL = 0;
				GCC_PREPROCESSOR_DEFINITIONS = (
					"DEBUG=1",
					"$(inherited)",
				);
				GCC_WARN_64_TO_32_BIT_CONVERSION = YES;
				GCC_WARN_ABOUT_RETURN_TYPE = YES_ERROR;
				GCC_WARN_UNDECLARED_SELECTOR = YES;
				GCC_WARN_UNINITIALIZED_AUTOS = YES_AGGRESSIVE;
				GCC_WARN_UNUSED_FUNCTION = YES;
				GCC_WARN_UNUSED_VARIABLE = YES;
				IPHONEOS_DEPLOYMENT_TARGET = 9.2;
				MTL_ENABLE_DEBUG_INFO = YES;
				ONLY_ACTIVE_ARCH = YES;
				SDKROOT = iphoneos;
				SWIFT_OPTIMIZATION_LEVEL = "-Onone";
				TARGETED_DEVICE_FAMILY = "1,2";
			};
			name = Debug;
		};
		DC1035451CC1DB7800C23BBA /* Release */ = {
			isa = XCBuildConfiguration;
			buildSettings = {
				ALWAYS_SEARCH_USER_PATHS = NO;
				CLANG_CXX_LANGUAGE_STANDARD = "gnu++0x";
				CLANG_CXX_LIBRARY = "libc++";
				CLANG_ENABLE_MODULES = YES;
				CLANG_ENABLE_OBJC_ARC = YES;
				CLANG_WARN_BOOL_CONVERSION = YES;
				CLANG_WARN_CONSTANT_CONVERSION = YES;
				CLANG_WARN_DIRECT_OBJC_ISA_USAGE = YES_ERROR;
				CLANG_WARN_EMPTY_BODY = YES;
				CLANG_WARN_ENUM_CONVERSION = YES;
				CLANG_WARN_INT_CONVERSION = YES;
				CLANG_WARN_OBJC_ROOT_CLASS = YES_ERROR;
				CLANG_WARN_UNREACHABLE_CODE = YES;
				CLANG_WARN__DUPLICATE_METHOD_MATCH = YES;
				"CODE_SIGN_IDENTITY[sdk=iphoneos*]" = "iPhone Developer";
				COPY_PHASE_STRIP = NO;
				DEBUG_INFORMATION_FORMAT = "dwarf-with-dsym";
				ENABLE_NS_ASSERTIONS = NO;
				ENABLE_STRICT_OBJC_MSGSEND = YES;
				GCC_C_LANGUAGE_STANDARD = gnu99;
				GCC_NO_COMMON_BLOCKS = YES;
				GCC_WARN_64_TO_32_BIT_CONVERSION = YES;
				GCC_WARN_ABOUT_RETURN_TYPE = YES_ERROR;
				GCC_WARN_UNDECLARED_SELECTOR = YES;
				GCC_WARN_UNINITIALIZED_AUTOS = YES_AGGRESSIVE;
				GCC_WARN_UNUSED_FUNCTION = YES;
				GCC_WARN_UNUSED_VARIABLE = YES;
				IPHONEOS_DEPLOYMENT_TARGET = 9.2;
				MTL_ENABLE_DEBUG_INFO = NO;
				SDKROOT = iphoneos;
				TARGETED_DEVICE_FAMILY = "1,2";
				VALIDATE_PRODUCT = YES;
			};
			name = Release;
		};
		DC1035471CC1DB7800C23BBA /* Debug */ = {
			isa = XCBuildConfiguration;
			buildSettings = {
				ASSETCATALOG_COMPILER_APPICON_NAME = AppIcon;
				INFOPLIST_FILE = MapSwift/Info.plist;
				LD_RUNPATH_SEARCH_PATHS = "$(inherited) @executable_path/Frameworks";
				PRODUCT_BUNDLE_IDENTIFIER = origin.MapSwift;
				PRODUCT_NAME = "$(TARGET_NAME)";
			};
			name = Debug;
		};
		DC1035481CC1DB7800C23BBA /* Release */ = {
			isa = XCBuildConfiguration;
			buildSettings = {
				ASSETCATALOG_COMPILER_APPICON_NAME = AppIcon;
				INFOPLIST_FILE = MapSwift/Info.plist;
				LD_RUNPATH_SEARCH_PATHS = "$(inherited) @executable_path/Frameworks";
				PRODUCT_BUNDLE_IDENTIFIER = origin.MapSwift;
				PRODUCT_NAME = "$(TARGET_NAME)";
			};
			name = Release;
		};
		DC10354A1CC1DB7800C23BBA /* Debug */ = {
			isa = XCBuildConfiguration;
			buildSettings = {
				BUNDLE_LOADER = "$(TEST_HOST)";
				INFOPLIST_FILE = MapSwiftTests/Info.plist;
				LD_RUNPATH_SEARCH_PATHS = "$(inherited) @executable_path/Frameworks @loader_path/Frameworks";
				PRODUCT_BUNDLE_IDENTIFIER = origin.MapSwiftTests;
				PRODUCT_NAME = "$(TARGET_NAME)";
				TEST_HOST = "$(BUILT_PRODUCTS_DIR)/MapSwift.app/MapSwift";
			};
			name = Debug;
		};
		DC10354B1CC1DB7800C23BBA /* Release */ = {
			isa = XCBuildConfiguration;
			buildSettings = {
				BUNDLE_LOADER = "$(TEST_HOST)";
				INFOPLIST_FILE = MapSwiftTests/Info.plist;
				LD_RUNPATH_SEARCH_PATHS = "$(inherited) @executable_path/Frameworks @loader_path/Frameworks";
				PRODUCT_BUNDLE_IDENTIFIER = origin.MapSwiftTests;
				PRODUCT_NAME = "$(TARGET_NAME)";
				TEST_HOST = "$(BUILT_PRODUCTS_DIR)/MapSwift.app/MapSwift";
			};
			name = Release;
		};
		DC10354D1CC1DB7800C23BBA /* Debug */ = {
			isa = XCBuildConfiguration;
			buildSettings = {
				INFOPLIST_FILE = MapSwiftUITests/Info.plist;
				LD_RUNPATH_SEARCH_PATHS = "$(inherited) @executable_path/Frameworks @loader_path/Frameworks";
				PRODUCT_BUNDLE_IDENTIFIER = origin.MapSwiftUITests;
				PRODUCT_NAME = "$(TARGET_NAME)";
				TEST_TARGET_NAME = MapSwift;
				USES_XCTRUNNER = YES;
			};
			name = Debug;
		};
		DC10354E1CC1DB7800C23BBA /* Release */ = {
			isa = XCBuildConfiguration;
			buildSettings = {
				INFOPLIST_FILE = MapSwiftUITests/Info.plist;
				LD_RUNPATH_SEARCH_PATHS = "$(inherited) @executable_path/Frameworks @loader_path/Frameworks";
				PRODUCT_BUNDLE_IDENTIFIER = origin.MapSwiftUITests;
				PRODUCT_NAME = "$(TARGET_NAME)";
				TEST_TARGET_NAME = MapSwift;
				USES_XCTRUNNER = YES;
			};
			name = Release;
		};
/* End XCBuildConfiguration section */

/* Begin XCConfigurationList section */
		DC1035191CC1DB7800C23BBA /* Build configuration list for PBXProject "MapSwift" */ = {
			isa = XCConfigurationList;
			buildConfigurations = (
				DC1035441CC1DB7800C23BBA /* Debug */,
				DC1035451CC1DB7800C23BBA /* Release */,
			);
			defaultConfigurationIsVisible = 0;
			defaultConfigurationName = Release;
		};
		DC1035461CC1DB7800C23BBA /* Build configuration list for PBXNativeTarget "MapSwift" */ = {
			isa = XCConfigurationList;
			buildConfigurations = (
				DC1035471CC1DB7800C23BBA /* Debug */,
				DC1035481CC1DB7800C23BBA /* Release */,
			);
			defaultConfigurationIsVisible = 0;
		};
		DC1035491CC1DB7800C23BBA /* Build configuration list for PBXNativeTarget "MapSwiftTests" */ = {
			isa = XCConfigurationList;
			buildConfigurations = (
				DC10354A1CC1DB7800C23BBA /* Debug */,
				DC10354B1CC1DB7800C23BBA /* Release */,
			);
			defaultConfigurationIsVisible = 0;
		};
		DC10354C1CC1DB7800C23BBA /* Build configuration list for PBXNativeTarget "MapSwiftUITests" */ = {
			isa = XCConfigurationList;
			buildConfigurations = (
				DC10354D1CC1DB7800C23BBA /* Debug */,
				DC10354E1CC1DB7800C23BBA /* Release */,
			);
			defaultConfigurationIsVisible = 0;
		};
/* End XCConfigurationList section */
	};
	rootObject = DC1035161CC1DB7800C23BBA /* Project object */;
}
